# THIS IS AN AUTOGENERATED FILE. DO NOT EDIT THIS FILE DIRECTLY.
# yarn lockfile v1


dns2@^2.1.0:
  version "2.1.0"
  resolved "https://registry.yarnpkg.com/dns2/-/dns2-2.1.0.tgz#15b07567befb2b914aedbb55a9ea0862c63c3d73"
  integrity sha512-m27K11aQalRbmUs7RLaz6aPyceLjAoqjPRNTdE7qUouQpl+PC8Bi67O+i9SuJUPbQC8dxFrczAxfmTPuTKHNkw==
